
Microsoft Visual Studio Solution File, Format Version 12.00
# Visual Studio 15
Project("{FAE04EC0-301F-11D3-BF4B-00C04F79EFBC}") = "Zenject", "Zenject.csproj", "{359B3636-9400-1C71-77E1-B5360579C902}"
EndProject
Project("{FAE04EC0-301F-11D3-BF4B-00C04F79EFBC}") = "Zenject-IntegrationTests-Editor", "Zenject-IntegrationTests-Editor.csproj", "{739AF9EC-BC9E-6F50-12F7-09009B0B4C4C}"
EndProject
Project("{FAE04EC0-301F-11D3-BF4B-00C04F79EFBC}") = "Zenject-ReflectionBaking-Editor", "Zenject-ReflectionBaking-Editor.csproj", "{899A8B44-B5FD-7CED-A4DE-D51B801A548C}"
EndProject
Project("{FAE04EC0-301F-11D3-BF4B-00C04F79EFBC}") = "Zenject-UnitTests-Editor", "Zenject-UnitTests-Editor.csproj", "{F91BFDBA-58E2-619A-4A4C-F79F4E1FBE53}"
EndProject
Project("{FAE04EC0-301F-11D3-BF4B-00C04F79EFBC}") = "Zenject-Editor", "Zenject-Editor.csproj", "{52F6B644-168F-916F-BF18-06C130CEA279}"
EndProject
Project("{FAE04EC0-301F-11D3-BF4B-00C04F79EFBC}") = "Zenject-IntegrationTests", "Zenject-IntegrationTests.csproj", "{0D3DDAEA-1A70-767C-77B5-16662DCFDD8D}"
EndProject
Project("{FAE04EC0-301F-11D3-BF4B-00C04F79EFBC}") = "Ink-Libraries", "Ink-Libraries.csproj", "{1C14CEB6-0101-314F-43E4-8739B8D8A139}"
EndProject
Project("{FAE04EC0-301F-11D3-BF4B-00C04F79EFBC}") = "InkEditor", "InkEditor.csproj", "{8916C01C-5CFA-D33E-07E5-5441B0DEB0B4}"
EndProject
Project("{FAE04EC0-301F-11D3-BF4B-00C04F79EFBC}") = "Zenject-TestFramework", "Zenject-TestFramework.csproj", "{A313713D-2237-211C-1D4E-4BE7124819E1}"
EndProject
Project("{FAE04EC0-301F-11D3-BF4B-00C04F79EFBC}") = "Zenject-PoolMonitor-Editor", "Zenject-PoolMonitor-Editor.csproj", "{22523210-A052-59B2-9CEF-0E33CE8F868D}"
EndProject
Project("{FAE04EC0-301F-11D3-BF4B-00C04F79EFBC}") = "Assembly-CSharp", "Assembly-CSharp.csproj", "{7AA1B018-FDB6-2C9A-731B-123DCC5B4240}"
EndProject
Global
	GlobalSection(SolutionConfigurationPlatforms) = preSolution
		Debug|Any CPU = Debug|Any CPU
		Release|Any CPU = Release|Any CPU
	EndGlobalSection
	GlobalSection(ProjectConfigurationPlatforms) = postSolution
		{359B3636-9400-1C71-77E1-B5360579C902}.Debug|Any CPU.ActiveCfg = Debug|Any CPU
		{359B3636-9400-1C71-77E1-B5360579C902}.Debug|Any CPU.Build.0 = Debug|Any CPU
		{359B3636-9400-1C71-77E1-B5360579C902}.Release|Any CPU.ActiveCfg = Release|Any CPU
		{359B3636-9400-1C71-77E1-B5360579C902}.Release|Any CPU.Build.0 = Release|Any CPU
		{739AF9EC-BC9E-6F50-12F7-09009B0B4C4C}.Debug|Any CPU.ActiveCfg = Debug|Any CPU
		{739AF9EC-BC9E-6F50-12F7-09009B0B4C4C}.Debug|Any CPU.Build.0 = Debug|Any CPU
		{739AF9EC-BC9E-6F50-12F7-09009B0B4C4C}.Release|Any CPU.ActiveCfg = Release|Any CPU
		{739AF9EC-BC9E-6F50-12F7-09009B0B4C4C}.Release|Any CPU.Build.0 = Release|Any CPU
		{899A8B44-B5FD-7CED-A4DE-D51B801A548C}.Debug|Any CPU.ActiveCfg = Debug|Any CPU
		{899A8B44-B5FD-7CED-A4DE-D51B801A548C}.Debug|Any CPU.Build.0 = Debug|Any CPU
		{899A8B44-B5FD-7CED-A4DE-D51B801A548C}.Release|Any CPU.ActiveCfg = Release|Any CPU
		{899A8B44-B5FD-7CED-A4DE-D51B801A548C}.Release|Any CPU.Build.0 = Release|Any CPU
		{F91BFDBA-58E2-619A-4A4C-F79F4E1FBE53}.Debug|Any CPU.ActiveCfg = Debug|Any CPU
		{F91BFDBA-58E2-619A-4A4C-F79F4E1FBE53}.Debug|Any CPU.Build.0 = Debug|Any CPU
		{F91BFDBA-58E2-619A-4A4C-F79F4E1FBE53}.Release|Any CPU.ActiveCfg = Release|Any CPU
		{F91BFDBA-58E2-619A-4A4C-F79F4E1FBE53}.Release|Any CPU.Build.0 = Release|Any CPU
		{52F6B644-168F-916F-BF18-06C130CEA279}.Debug|Any CPU.ActiveCfg = Debug|Any CPU
		{52F6B644-168F-916F-BF18-06C130CEA279}.Debug|Any CPU.Build.0 = Debug|Any CPU
		{52F6B644-168F-916F-BF18-06C130CEA279}.Release|Any CPU.ActiveCfg = Release|Any CPU
		{52F6B644-168F-916F-BF18-06C130CEA279}.Release|Any CPU.Build.0 = Release|Any CPU
		{0D3DDAEA-1A70-767C-77B5-16662DCFDD8D}.Debug|Any CPU.ActiveCfg = Debug|Any CPU
		{0D3DDAEA-1A70-767C-77B5-16662DCFDD8D}.Debug|Any CPU.Build.0 = Debug|Any CPU
		{0D3DDAEA-1A70-767C-77B5-16662DCFDD8D}.Release|Any CPU.ActiveCfg = Release|Any CPU
		{0D3DDAEA-1A70-767C-77B5-16662DCFDD8D}.Release|Any CPU.Build.0 = Release|Any CPU
		{1C14CEB6-0101-314F-43E4-8739B8D8A139}.Debug|Any CPU.ActiveCfg = Debug|Any CPU
		{1C14CEB6-0101-314F-43E4-8739B8D8A139}.Debug|Any CPU.Build.0 = Debug|Any CPU
		{1C14CEB6-0101-314F-43E4-8739B8D8A139}.Release|Any CPU.ActiveCfg = Release|Any CPU
		{1C14CEB6-0101-314F-43E4-8739B8D8A139}.Release|Any CPU.Build.0 = Release|Any CPU
		{8916C01C-5CFA-D33E-07E5-5441B0DEB0B4}.Debug|Any CPU.ActiveCfg = Debug|Any CPU
		{8916C01C-5CFA-D33E-07E5-5441B0DEB0B4}.Debug|Any CPU.Build.0 = Debug|Any CPU
		{8916C01C-5CFA-D33E-07E5-5441B0DEB0B4}.Release|Any CPU.ActiveCfg = Release|Any CPU
		{8916C01C-5CFA-D33E-07E5-5441B0DEB0B4}.Release|Any CPU.Build.0 = Release|Any CPU
		{A313713D-2237-211C-1D4E-4BE7124819E1}.Debug|Any CPU.ActiveCfg = Debug|Any CPU
		{A313713D-2237-211C-1D4E-4BE7124819E1}.Debug|Any CPU.Build.0 = Debug|Any CPU
		{A313713D-2237-211C-1D4E-4BE7124819E1}.Release|Any CPU.ActiveCfg = Release|Any CPU
		{A313713D-2237-211C-1D4E-4BE7124819E1}.Release|Any CPU.Build.0 = Release|Any CPU
		{22523210-A052-59B2-9CEF-0E33CE8F868D}.Debug|Any CPU.ActiveCfg = Debug|Any CPU
		{22523210-A052-59B2-9CEF-0E33CE8F868D}.Debug|Any CPU.Build.0 = Debug|Any CPU
		{22523210-A052-59B2-9CEF-0E33CE8F868D}.Release|Any CPU.ActiveCfg = Release|Any CPU
		{22523210-A052-59B2-9CEF-0E33CE8F868D}.Release|Any CPU.Build.0 = Release|Any CPU
		{7AA1B018-FDB6-2C9A-731B-123DCC5B4240}.Debug|Any CPU.ActiveCfg = Debug|Any CPU
		{7AA1B018-FDB6-2C9A-731B-123DCC5B4240}.Debug|Any CPU.Build.0 = Debug|Any CPU
		{7AA1B018-FDB6-2C9A-731B-123DCC5B4240}.Release|Any CPU.ActiveCfg = Release|Any CPU
		{7AA1B018-FDB6-2C9A-731B-123DCC5B4240}.Release|Any CPU.Build.0 = Release|Any CPU
	EndGlobalSection
	GlobalSection(SolutionProperties) = preSolution
		HideSolutionNode = FALSE
	EndGlobalSection
EndGlobal
